
Microsoft Visual Studio Solution File, Format Version 12.00
# Visual Studio Version 17
VisualStudioVersion = 17.5.33530.505
MinimumVisualStudioVersion = 10.0.40219.1
Project("{9A19103F-16F7-4668-BE54-9A1E7A4F7556}") = "SamsungRemote", "SamsungRemote\SamsungRemote.csproj", "{57155D51-6511-4951-9C9F-91C7B25CE15D}"
EndProject
Project("{9A19103F-16F7-4668-BE54-9A1E7A4F7556}") = "websocket-sharp", "websocket-sharp-net6.0\websocket-sharp\websocket-sharp.csproj", "{55A26149-3FF6-4800-A0D6-69C24E816794}"
EndProject
Project("{FAE04EC0-301F-11D3-BF4B-00C04F79EFBC}") = "SamsungRemoteDemo", "SamsungRemoteDemo\SamsungRemoteDemo.csproj", "{A97403FC-003A-4C81-A419-F9646245A940}"
EndProject
Global
	GlobalSection(SolutionConfigurationPlatforms) = preSolution
		Debug|Any CPU = Debug|Any CPU
		Release|Any CPU = Release|Any CPU
	EndGlobalSection
	GlobalSection(ProjectConfigurationPlatforms) = postSolution
		{57155D51-6511-4951-9C9F-91C7B25CE15D}.Debug|Any CPU.ActiveCfg = Debug|Any CPU
		{57155D51-6511-4951-9C9F-91C7B25CE15D}.Debug|Any CPU.Build.0 = Debug|Any CPU
		{57155D51-6511-4951-9C9F-91C7B25CE15D}.Release|Any CPU.ActiveCfg = Release|Any CPU
		{57155D51-6511-4951-9C9F-91C7B25CE15D}.Release|Any CPU.Build.0 = Release|Any CPU
		{55A26149-3FF6-4800-A0D6-69C24E816794}.Debug|Any CPU.ActiveCfg = Debug|Any CPU
		{55A26149-3FF6-4800-A0D6-69C24E816794}.Debug|Any CPU.Build.0 = Debug|Any CPU
		{55A26149-3FF6-4800-A0D6-69C24E816794}.Release|Any CPU.ActiveCfg = Release|Any CPU
		{55A26149-3FF6-4800-A0D6-69C24E816794}.Release|Any CPU.Build.0 = Release|Any CPU
		{A97403FC-003A-4C81-A419-F9646245A940}.Debug|Any CPU.ActiveCfg = Debug|Any CPU
		{A97403FC-003A-4C81-A419-F9646245A940}.Debug|Any CPU.Build.0 = Debug|Any CPU
		{A97403FC-003A-4C81-A419-F9646245A940}.Release|Any CPU.ActiveCfg = Release|Any CPU
		{A97403FC-003A-4C81-A419-F9646245A940}.Release|Any CPU.Build.0 = Release|Any CPU
	EndGlobalSection
	GlobalSection(SolutionProperties) = preSolution
		HideSolutionNode = FALSE
	EndGlobalSection
	GlobalSection(ExtensibilityGlobals) = postSolution
		SolutionGuid = {6584BDC3-CC61-4EF4-80EF-F6B46EF0B9E4}
	EndGlobalSection
EndGlobal
